// !$*UTF8*$!
{
	archiveVersion = 1;
	classes = {
	};
	objectVersion = 56;
	objects = {

/* Begin PBXBuildFile section */
		FB63A9482A983F5F003BB126 /* SnapKit in Frameworks */ = {isa = PBXBuildFile; productRef = FB63A9472A983F5F003BB126 /* SnapKit */; };
		FB7E6C062A95840000785E66 /* Todo.swift in Sources */ = {isa = PBXBuildFile; fileRef = FB7E6C052A95840000785E66 /* Todo.swift */; };
		FBEB412A2A949CCC00718159 /* AppDelegate.swift in Sources */ = {isa = PBXBuildFile; fileRef = FBEB41292A949CCC00718159 /* AppDelegate.swift */; };
		FBEB412C2A949CCC00718159 /* SceneDelegate.swift in Sources */ = {isa = PBXBuildFile; fileRef = FBEB412B2A949CCC00718159 /* SceneDelegate.swift */; };
		FBEB412E2A949CCC00718159 /* ViewController.swift in Sources */ = {isa = PBXBuildFile; fileRef = FBEB412D2A949CCC00718159 /* ViewController.swift */; };
		FBEB41342A949CCC00718159 /* Memo.xcdatamodeld in Sources */ = {isa = PBXBuildFile; fileRef = FBEB41322A949CCC00718159 /* Memo.xcdatamodeld */; };
		FBEB41362A949CCD00718159 /* Assets.xcassets in Resources */ = {isa = PBXBuildFile; fileRef = FBEB41352A949CCD00718159 /* Assets.xcassets */; };
		FBEB41392A949CCD00718159 /* LaunchScreen.storyboard in Resources */ = {isa = PBXBuildFile; fileRef = FBEB41372A949CCD00718159 /* LaunchScreen.storyboard */; };
		FBEB41432A94A29000718159 /* Components.swift in Sources */ = {isa = PBXBuildFile; fileRef = FBEB41422A94A29000718159 /* Components.swift */; };
		FBEB41462A94D0B000718159 /* APIManager.swift in Sources */ = {isa = PBXBuildFile; fileRef = FBEB41452A94D0B000718159 /* APIManager.swift */; };
		FBEB41482A95021B00718159 /* TodoViewController.swift in Sources */ = {isa = PBXBuildFile; fileRef = FBEB41472A95021B00718159 /* TodoViewController.swift */; };
/* End PBXBuildFile section */

/* Begin PBXFileReference section */
		FB7E6C052A95840000785E66 /* Todo.swift */ = {isa = PBXFileReference; lastKnownFileType = sourcecode.swift; path = Todo.swift; sourceTree = "<group>"; };
		FBEB41262A949CCC00718159 /* Memo.app */ = {isa = PBXFileReference; explicitFileType = wrapper.application; includeInIndex = 0; path = Memo.app; sourceTree = BUILT_PRODUCTS_DIR; };
		FBEB41292A949CCC00718159 /* AppDelegate.swift */ = {isa = PBXFileReference; lastKnownFileType = sourcecode.swift; path = AppDelegate.swift; sourceTree = "<group>"; };
		FBEB412B2A949CCC00718159 /* SceneDelegate.swift */ = {isa = PBXFileReference; lastKnownFileType = sourcecode.swift; path = SceneDelegate.swift; sourceTree = "<group>"; };
		FBEB412D2A949CCC00718159 /* ViewController.swift */ = {isa = PBXFileReference; lastKnownFileType = sourcecode.swift; path = ViewController.swift; sourceTree = "<group>"; };
		FBEB41332A949CCC00718159 /* Memo.xcdatamodel */ = {isa = PBXFileReference; lastKnownFileType = wrapper.xcdatamodel; path = Memo.xcdatamodel; sourceTree = "<group>"; };
		FBEB41352A949CCD00718159 /* Assets.xcassets */ = {isa = PBXFileReference; lastKnownFileType = folder.assetcatalog; path = Assets.xcassets; sourceTree = "<group>"; };
		FBEB41382A949CCD00718159 /* Base */ = {isa = PBXFileReference; lastKnownFileType = file.storyboard; name = Base; path = Base.lproj/LaunchScreen.storyboard; sourceTree = "<group>"; };
		FBEB413A2A949CCD00718159 /* Info.plist */ = {isa = PBXFileReference; lastKnownFileType = text.plist.xml; path = Info.plist; sourceTree = "<group>"; };
		FBEB41422A94A29000718159 /* Components.swift */ = {isa = PBXFileReference; lastKnownFileType = sourcecode.swift; path = Components.swift; sourceTree = "<group>"; };
		FBEB41452A94D0B000718159 /* APIManager.swift */ = {isa = PBXFileReference; lastKnownFileType = sourcecode.swift; path = APIManager.swift; sourceTree = "<group>"; };
		FBEB41472A95021B00718159 /* TodoViewController.swift */ = {isa = PBXFileReference; lastKnownFileType = sourcecode.swift; path = TodoViewController.swift; sourceTree = "<group>"; };
/* End PBXFileReference section */

/* Begin PBXFrameworksBuildPhase section */
		FBEB41232A949CCC00718159 /* Frameworks */ = {
			isa = PBXFrameworksBuildPhase;
			buildActionMask = 2147483647;
			files = (
				FB63A9482A983F5F003BB126 /* SnapKit in Frameworks */,
			);
			runOnlyForDeploymentPostprocessing = 0;
		};
/* End PBXFrameworksBuildPhase section */

/* Begin PBXGroup section */
		FB63A9462A983F5F003BB126 /* Frameworks */ = {
			isa = PBXGroup;
			children = (
			);
			name = Frameworks;
			sourceTree = "<group>";
		};
		FB7E6C072A95840500785E66 /* Model */ = {
			isa = PBXGroup;
			children = (
				FB7E6C052A95840000785E66 /* Todo.swift */,
			);
			path = Model;
			sourceTree = "<group>";
		};
		FB7E6C082A95AEE900785E66 /* Controller */ = {
			isa = PBXGroup;
			children = (
				FBEB412D2A949CCC00718159 /* ViewController.swift */,
				FBEB41472A95021B00718159 /* TodoViewController.swift */,
			);
			path = Controller;
			sourceTree = "<group>";
		};
		FB7E6C092A95AF2400785E66 /* API */ = {
			isa = PBXGroup;
			children = (
				FBEB41452A94D0B000718159 /* APIManager.swift */,
			);
			path = API;
			sourceTree = "<group>";
		};
		FBEB411D2A949CCC00718159 = {
			isa = PBXGroup;
			children = (
				FBEB41282A949CCC00718159 /* Memo */,
				FBEB41272A949CCC00718159 /* Products */,
				FB63A9462A983F5F003BB126 /* Frameworks */,
			);
			sourceTree = "<group>";
		};
		FBEB41272A949CCC00718159 /* Products */ = {
			isa = PBXGroup;
			children = (
				FBEB41262A949CCC00718159 /* Memo.app */,
			);
			name = Products;
			sourceTree = "<group>";
		};
		FBEB41282A949CCC00718159 /* Memo */ = {
			isa = PBXGroup;
			children = (
				FBEB41422A94A29000718159 /* Components.swift */,
				FB7E6C092A95AF2400785E66 /* API */,
				FB7E6C082A95AEE900785E66 /* Controller */,
				FB7E6C072A95840500785E66 /* Model */,
				FBEB41322A949CCC00718159 /* Memo.xcdatamodeld */,
				FBEB413A2A949CCD00718159 /* Info.plist */,
				FBEB41372A949CCD00718159 /* LaunchScreen.storyboard */,
				FBEB41352A949CCD00718159 /* Assets.xcassets */,
				FBEB41292A949CCC00718159 /* AppDelegate.swift */,
				FBEB412B2A949CCC00718159 /* SceneDelegate.swift */,
			);
			path = Memo;
			sourceTree = "<group>";
		};
/* End PBXGroup section */

/* Begin PBXNativeTarget section */
		FBEB41252A949CCC00718159 /* Memo */ = {
			isa = PBXNativeTarget;
			buildConfigurationList = FBEB413D2A949CCD00718159 /* Build configuration list for PBXNativeTarget "Memo" */;
			buildPhases = (
				FBEB41222A949CCC00718159 /* Sources */,
				FBEB41232A949CCC00718159 /* Frameworks */,
				FBEB41242A949CCC00718159 /* Resources */,
			);
			buildRules = (
			);
			dependencies = (
			);
			name = Memo;
			packageProductDependencies = (
				FB63A9472A983F5F003BB126 /* SnapKit */,
			);
			productName = Memo;
			productReference = FBEB41262A949CCC00718159 /* Memo.app */;
			productType = "com.apple.product-type.application";
		};
/* End PBXNativeTarget section */

/* Begin PBXProject section */
		FBEB411E2A949CCC00718159 /* Project object */ = {
			isa = PBXProject;
			attributes = {
				BuildIndependentTargetsInParallel = 1;
				LastSwiftUpdateCheck = 1430;
				LastUpgradeCheck = 1430;
				TargetAttributes = {
					FBEB41252A949CCC00718159 = {
						CreatedOnToolsVersion = 14.3.1;
					};
				};
			};
			buildConfigurationList = FBEB41212A949CCC00718159 /* Build configuration list for PBXProject "Memo" */;
			compatibilityVersion = "Xcode 14.0";
			developmentRegion = en;
			hasScannedForEncodings = 0;
			knownRegions = (
				en,
				Base,
			);
			mainGroup = FBEB411D2A949CCC00718159;
			packageReferences = (
				FBEB41402A949D1800718159 /* XCRemoteSwiftPackageReference "SnapKit" */,
			);
			productRefGroup = FBEB41272A949CCC00718159 /* Products */;
			projectDirPath = "";
			projectRoot = "";
			targets = (
				FBEB41252A949CCC00718159 /* Memo */,
			);
		};
/* End PBXProject section */

/* Begin PBXResourcesBuildPhase section */
		FBEB41242A949CCC00718159 /* Resources */ = {
			isa = PBXResourcesBuildPhase;
			buildActionMask = 2147483647;
			files = (
				FBEB41392A949CCD00718159 /* LaunchScreen.storyboard in Resources */,
				FBEB41362A949CCD00718159 /* Assets.xcassets in Resources */,
			);
			runOnlyForDeploymentPostprocessing = 0;
		};
/* End PBXResourcesBuildPhase section */

/* Begin PBXSourcesBuildPhase section */
		FBEB41222A949CCC00718159 /* Sources */ = {
			isa = PBXSourcesBuildPhase;
			buildActionMask = 2147483647;
			files = (
				FBEB41462A94D0B000718159 /* APIManager.swift in Sources */,
				FBEB412E2A949CCC00718159 /* ViewController.swift in Sources */,
				FBEB41482A95021B00718159 /* TodoViewController.swift in Sources */,
				FB7E6C062A95840000785E66 /* Todo.swift in Sources */,
				FBEB41432A94A29000718159 /* Components.swift in Sources */,
				FBEB412A2A949CCC00718159 /* AppDelegate.swift in Sources */,
				FBEB412C2A949CCC00718159 /* SceneDelegate.swift in Sources */,
				FBEB41342A949CCC00718159 /* Memo.xcdatamodeld in Sources */,
			);
			runOnlyForDeploymentPostprocessing = 0;
		};
/* End PBXSourcesBuildPhase section */

/* Begin PBXVariantGroup section */
		FBEB41372A949CCD00718159 /* LaunchScreen.storyboard */ = {
			isa = PBXVariantGroup;
			children = (
				FBEB41382A949CCD00718159 /* Base */,
			);
			name = LaunchScreen.storyboard;
			sourceTree = "<group>";
		};
/* End PBXVariantGroup section */

/* Begin XCBuildConfiguration section */
		FBEB413B2A949CCD00718159 /* Debug */ = {
			isa = XCBuildConfiguration;
			buildSettings = {
				ALWAYS_SEARCH_USER_PATHS = NO;
				CLANG_ANALYZER_NONNULL = YES;
				CLANG_ANALYZER_NUMBER_OBJECT_CONVERSION = YES_AGGRESSIVE;
				CLANG_CXX_LANGUAGE_STANDARD = "gnu++20";
				CLANG_ENABLE_MODULES = YES;
				CLANG_ENABLE_OBJC_ARC = YES;
				CLANG_ENABLE_OBJC_WEAK = YES;
				CLANG_WARN_BLOCK_CAPTURE_AUTORELEASING = YES;
				CLANG_WARN_BOOL_CONVERSION = YES;
				CLANG_WARN_COMMA = YES;
				CLANG_WARN_CONSTANT_CONVERSION = YES;
				CLANG_WARN_DEPRECATED_OBJC_IMPLEMENTATIONS = YES;
				CLANG_WARN_DIRECT_OBJC_ISA_USAGE = YES_ERROR;
				CLANG_WARN_DOCUMENTATION_COMMENTS = YES;
				CLANG_WARN_EMPTY_BODY = YES;
				CLANG_WARN_ENUM_CONVERSION = YES;
				CLANG_WARN_INFINITE_RECURSION = YES;
				CLANG_WARN_INT_CONVERSION = YES;
				CLANG_WARN_NON_LITERAL_NULL_CONVERSION = YES;
				CLANG_WARN_OBJC_IMPLICIT_RETAIN_SELF = YES;
				CLANG_WARN_OBJC_LITERAL_CONVERSION = YES;
				CLANG_WARN_OBJC_ROOT_CLASS = YES_ERROR;
				CLANG_WARN_QUOTED_INCLUDE_IN_FRAMEWORK_HEADER = YES;
				CLANG_WARN_RANGE_LOOP_ANALYSIS = YES;
				CLANG_WARN_STRICT_PROTOTYPES = YES;
				CLANG_WARN_SUSPICIOUS_MOVE = YES;
				CLANG_WARN_UNGUARDED_AVAILABILITY = YES_AGGRESSIVE;
				CLANG_WARN_UNREACHABLE_CODE = YES;
				CLANG_WARN__DUPLICATE_METHOD_MATCH = YES;
				COPY_PHASE_STRIP = NO;
				DEBUG_INFORMATION_FORMAT = dwarf;
				ENABLE_STRICT_OBJC_MSGSEND = YES;
				ENABLE_TESTABILITY = YES;
				GCC_C_LANGUAGE_STANDARD = gnu11;
				GCC_DYNAMIC_NO_PIC = NO;
				GCC_NO_COMMON_BLOCKS = YES;
				GCC_OPTIMIZATION_LEVEL = 0;
				GCC_PREPROCESSOR_DEFINITIONS = (
					"DEBUG=1",
					"$(inherited)",
				);
				GCC_WARN_64_TO_32_BIT_CONVERSION = YES;
				GCC_WARN_ABOUT_RETURN_TYPE = YES_ERROR;
				GCC_WARN_UNDECLARED_SELECTOR = YES;
				GCC_WARN_UNINITIALIZED_AUTOS = YES_AGGRESSIVE;
				GCC_WARN_UNUSED_FUNCTION = YES;
				GCC_WARN_UNUSED_VARIABLE = YES;
				IPHONEOS_DEPLOYMENT_TARGET = 16.4;
				MTL_ENABLE_DEBUG_INFO = INCLUDE_SOURCE;
				MTL_FAST_MATH = YES;
				ONLY_ACTIVE_ARCH = YES;
				SDKROOT = iphoneos;
				SWIFT_ACTIVE_COMPILATION_CONDITIONS = DEBUG;
				SWIFT_OPTIMIZATION_LEVEL = "-Onone";
			};
			name = Debug;
		};
		FBEB413C2A949CCD00718159 /* Release */ = {
			isa = XCBuildConfiguration;
			buildSettings = {
				ALWAYS_SEARCH_USER_PATHS = NO;
				CLANG_ANALYZER_NONNULL = YES;
				CLANG_ANALYZER_NUMBER_OBJECT_CONVERSION = YES_AGGRESSIVE;
				CLANG_CXX_LANGUAGE_STANDARD = "gnu++20";
				CLANG_ENABLE_MODULES = YES;
				CLANG_ENABLE_OBJC_ARC = YES;
				CLANG_ENABLE_OBJC_WEAK = YES;
				CLANG_WARN_BLOCK_CAPTURE_AUTORELEASING = YES;
				CLANG_WARN_BOOL_CONVERSION = YES;
				CLANG_WARN_COMMA = YES;
				CLANG_WARN_CONSTANT_CONVERSION = YES;
				CLANG_WARN_DEPRECATED_OBJC_IMPLEMENTATIONS = YES;
				CLANG_WARN_DIRECT_OBJC_ISA_USAGE = YES_ERROR;
				CLANG_WARN_DOCUMENTATION_COMMENTS = YES;
				CLANG_WARN_EMPTY_BODY = YES;
				CLANG_WARN_ENUM_CONVERSION = YES;
				CLANG_WARN_INFINITE_RECURSION = YES;
				CLANG_WARN_INT_CONVERSION = YES;
				CLANG_WARN_NON_LITERAL_NULL_CONVERSION = YES;
				CLANG_WARN_OBJC_IMPLICIT_RETAIN_SELF = YES;
				CLANG_WARN_OBJC_LITERAL_CONVERSION = YES;
				CLANG_WARN_OBJC_ROOT_CLASS = YES_ERROR;
				CLANG_WARN_QUOTED_INCLUDE_IN_FRAMEWORK_HEADER = YES;
				CLANG_WARN_RANGE_LOOP_ANALYSIS = YES;
				CLANG_WARN_STRICT_PROTOTYPES = YES;
				CLANG_WARN_SUSPICIOUS_MOVE = YES;
				CLANG_WARN_UNGUARDED_AVAILABILITY = YES_AGGRESSIVE;
				CLANG_WARN_UNREACHABLE_CODE = YES;
				CLANG_WARN__DUPLICATE_METHOD_MATCH = YES;
				COPY_PHASE_STRIP = NO;
				DEBUG_INFORMATION_FORMAT = "dwarf-with-dsym";
				ENABLE_NS_ASSERTIONS = NO;
				ENABLE_STRICT_OBJC_MSGSEND = YES;
				GCC_C_LANGUAGE_STANDARD = gnu11;
				GCC_NO_COMMON_BLOCKS = YES;
				GCC_WARN_64_TO_32_BIT_CONVERSION = YES;
				GCC_WARN_ABOUT_RETURN_TYPE = YES_ERROR;
				GCC_WARN_UNDECLARED_SELECTOR = YES;
				GCC_WARN_UNINITIALIZED_AUTOS = YES_AGGRESSIVE;
				GCC_WARN_UNUSED_FUNCTION = YES;
				GCC_WARN_UNUSED_VARIABLE = YES;
				IPHONEOS_DEPLOYMENT_TARGET = 16.4;
				MTL_ENABLE_DEBUG_INFO = NO;
				MTL_FAST_MATH = YES;
				ONLY_ACTIVE_ARCH = YES;
				SDKROOT = iphoneos;
				SWIFT_COMPILATION_MODE = wholemodule;
				SWIFT_OPTIMIZATION_LEVEL = "-O";
				VALIDATE_PRODUCT = YES;
			};
			name = Release;
		};
		FBEB413E2A949CCD00718159 /* Debug */ = {
			isa = XCBuildConfiguration;
			buildSettings = {
				ASSETCATALOG_COMPILER_APPICON_NAME = AppIcon;
				ASSETCATALOG_COMPILER_GLOBAL_ACCENT_COLOR_NAME = AccentColor;
				CODE_SIGN_STYLE = Automatic;
				CURRENT_PROJECT_VERSION = 1;
				DEVELOPMENT_TEAM = V7K58MBUV9;
				GENERATE_INFOPLIST_FILE = YES;
				INFOPLIST_FILE = Memo/Info.plist;
				INFOPLIST_KEY_UIApplicationSupportsIndirectInputEvents = YES;
				INFOPLIST_KEY_UILaunchStoryboardName = LaunchScreen;
				INFOPLIST_KEY_UIMainStoryboardFile = "";
				INFOPLIST_KEY_UISupportedInterfaceOrientations_iPad = "UIInterfaceOrientationPortrait UIInterfaceOrientationPortraitUpsideDown UIInterfaceOrientationLandscapeLeft UIInterfaceOrientationLandscapeRight";
				INFOPLIST_KEY_UISupportedInterfaceOrientations_iPhone = "UIInterfaceOrientationPortrait UIInterfaceOrientationLandscapeLeft UIInterfaceOrientationLandscapeRight";
				LD_RUNPATH_SEARCH_PATHS = (
					"$(inherited)",
					"@executable_path/Frameworks",
				);
				MARKETING_VERSION = 1.0;
				PRODUCT_BUNDLE_IDENTIFIER = com.luna.Memo;
				PRODUCT_NAME = "$(TARGET_NAME)";
				SWIFT_EMIT_LOC_STRINGS = YES;
				SWIFT_VERSION = 5.0;
				TARGETED_DEVICE_FAMILY = "1,2";
			};
			name = Debug;
		};
		FBEB413F2A949CCD00718159 /* Release */ = {
			isa = XCBuildConfiguration;
			buildSettings = {
				ASSETCATALOG_COMPILER_APPICON_NAME = AppIcon;
				ASSETCATALOG_COMPILER_GLOBAL_ACCENT_COLOR_NAME = AccentColor;
				CODE_SIGN_STYLE = Automatic;
				CURRENT_PROJECT_VERSION = 1;
				DEVELOPMENT_TEAM = V7K58MBUV9;
				GENERATE_INFOPLIST_FILE = YES;
				INFOPLIST_FILE = Memo/Info.plist;
				INFOPLIST_KEY_UIApplicationSupportsIndirectInputEvents = YES;
				INFOPLIST_KEY_UILaunchStoryboardName = LaunchScreen;
				INFOPLIST_KEY_UIMainStoryboardFile = "";
				INFOPLIST_KEY_UISupportedInterfaceOrientations_iPad = "UIInterfaceOrientationPortrait UIInterfaceOrientationPortraitUpsideDown UIInterfaceOrientationLandscapeLeft UIInterfaceOrientationLandscapeRight";
				INFOPLIST_KEY_UISupportedInterfaceOrientations_iPhone = "UIInterfaceOrientationPortrait UIInterfaceOrientationLandscapeLeft UIInterfaceOrientationLandscapeRight";
				LD_RUNPATH_SEARCH_PATHS = (
					"$(inherited)",
					"@executable_path/Frameworks",
				);
				MARKETING_VERSION = 1.0;
				PRODUCT_BUNDLE_IDENTIFIER = com.luna.Memo;
				PRODUCT_NAME = "$(TARGET_NAME)";
				SWIFT_EMIT_LOC_STRINGS = YES;
				SWIFT_VERSION = 5.0;
				TARGETED_DEVICE_FAMILY = "1,2";
			};
			name = Release;
		};
/* End XCBuildConfiguration section */

/* Begin XCConfigurationList section */
		FBEB41212A949CCC00718159 /* Build configuration list for PBXProject "Memo" */ = {
			isa = XCConfigurationList;
			buildConfigurations = (
				FBEB413B2A949CCD00718159 /* Debug */,
				FBEB413C2A949CCD00718159 /* Release */,
			);
			defaultConfigurationIsVisible = 0;
			defaultConfigurationName = Release;
		};
		FBEB413D2A949CCD00718159 /* Build configuration list for PBXNativeTarget "Memo" */ = {
			isa = XCConfigurationList;
			buildConfigurations = (
				FBEB413E2A949CCD00718159 /* Debug */,
				FBEB413F2A949CCD00718159 /* Release */,
			);
			defaultConfigurationIsVisible = 0;
			defaultConfigurationName = Release;
		};
/* End XCConfigurationList section */

/* Begin XCRemoteSwiftPackageReference section */
		FBEB41402A949D1800718159 /* XCRemoteSwiftPackageReference "SnapKit" */ = {
			isa = XCRemoteSwiftPackageReference;
			repositoryURL = "https://github.com/SnapKit/SnapKit";
			requirement = {
				kind = upToNextMajorVersion;
				minimumVersion = 5.0.0;
			};
		};
/* End XCRemoteSwiftPackageReference section */

/* Begin XCSwiftPackageProductDependency section */
		FB63A9472A983F5F003BB126 /* SnapKit */ = {
			isa = XCSwiftPackageProductDependency;
			package = FBEB41402A949D1800718159 /* XCRemoteSwiftPackageReference "SnapKit" */;
			productName = SnapKit;
		};
/* End XCSwiftPackageProductDependency section */

/* Begin XCVersionGroup section */
		FBEB41322A949CCC00718159 /* Memo.xcdatamodeld */ = {
			isa = XCVersionGroup;
			children = (
				FBEB41332A949CCC00718159 /* Memo.xcdatamodel */,
			);
			currentVersion = FBEB41332A949CCC00718159 /* Memo.xcdatamodel */;
			path = Memo.xcdatamodeld;
			sourceTree = "<group>";
			versionGroupType = wrapper.xcdatamodel;
		};
/* End XCVersionGroup section */
	};
	rootObject = FBEB411E2A949CCC00718159 /* Project object */;
}
